
Microsoft Visual Studio Solution File, Format Version 12.00
# Visual Studio Version 17
VisualStudioVersion = 17.5.33530.505
MinimumVisualStudioVersion = 10.0.40219.1
Project("{FAE04EC0-301F-11D3-BF4B-00C04F79EFBC}") = "Circleobjectlab", "Circleobjectlab\Circleobjectlab.csproj", "{D3AA0429-F7F6-4A70-84FD-605AB173EC7C}"
EndProject
Global
	GlobalSection(SolutionConfigurationPlatforms) = preSolution
		Debug|Any CPU = Debug|Any CPU
		Release|Any CPU = Release|Any CPU
	EndGlobalSection
	GlobalSection(ProjectConfigurationPlatforms) = postSolution
		{D3AA0429-F7F6-4A70-84FD-605AB173EC7C}.Debug|Any CPU.ActiveCfg = Debug|Any CPU
		{D3AA0429-F7F6-4A70-84FD-605AB173EC7C}.Debug|Any CPU.Build.0 = Debug|Any CPU
		{D3AA0429-F7F6-4A70-84FD-605AB173EC7C}.Release|Any CPU.ActiveCfg = Release|Any CPU
		{D3AA0429-F7F6-4A70-84FD-605AB173EC7C}.Release|Any CPU.Build.0 = Release|Any CPU
	EndGlobalSection
	GlobalSection(SolutionProperties) = preSolution
		HideSolutionNode = FALSE
	EndGlobalSection
	GlobalSection(ExtensibilityGlobals) = postSolution
		SolutionGuid = {375F124F-E0D8-448A-9164-D5DE36FCA859}
	EndGlobalSection
EndGlobal
